<?xml version="1.0" encoding="utf-8"?>
<Project ToolsVersion="4.0" xmlns="http://schemas.microsoft.com/developer/msbuild/2003">
  <ItemGroup>
    <Filter Include="Archivos de origen">
      <UniqueIdentifier>{4FC737F1-C7A5-4376-A066-2A32D752A2FF}</UniqueIdentifier>
      <Extensions>cpp;c;cc;cxx;c++;cppm;ixx;def;odl;idl;hpj;bat;asm;asmx</Extensions>
    </Filter>
    <Filter Include="Archivos de encabezado">
      <UniqueIdentifier>{93995380-89BD-4b04-88EB-625FBE52EBFB}</UniqueIdentifier>
      <Extensions>h;hh;hpp;hxx;h++;hm;inl;inc;ipp;xsd</Extensions>
    </Filter>
    <Filter Include="Archivos de recursos">
      <UniqueIdentifier>{67DA6AB6-F800-4c08-8B7A-83BB121AAD01}</UniqueIdentifier>
      <Extensions>rc;ico;cur;bmp;dlg;rc2;rct;bin;rgs;gif;jpg;jpeg;jpe;resx;tiff;tif;png;wav;mfcribbon-ms</Extensions>
    </Filter>
    <Filter Include="Archivos de encabezado\Controlador">
      <UniqueIdentifier>{e9d3ba8e-7f80-4374-a6cf-6ecf7add42ee}</UniqueIdentifier>
    </Filter>
    <Filter Include="Archivos de encabezado\Vista">
      <UniqueIdentifier>{d1ba9ae2-2f98-4750-8f5f-d383a0a7e852}</UniqueIdentifier>
    </Filter>
    <Filter Include="Archivos de encabezado\Modelo">
      <UniqueIdentifier>{ccf06076-52bd-4415-ad1f-a4ca49303206}</UniqueIdentifier>
    </Filter>
    <Filter Include="Archivos de recursos\Modelo">
      <UniqueIdentifier>{127969f1-586d-4cfc-89ca-f27820d43ea2}</UniqueIdentifier>
    </Filter>
    <Filter Include="Archivos de recursos\Vista">
      <UniqueIdentifier>{a906a555-6d8a-4767-9332-91041fdb4920}</UniqueIdentifier>
    </Filter>
    <Filter Include="Archivos de recursos\Controlador">
      <UniqueIdentifier>{0b75d706-5fb1-48a6-ae2c-4859cdc3bc4a}</UniqueIdentifier>
    </Filter>
    <Filter Include="Archivos de encabezado\Modelo\Scenes">
      <UniqueIdentifier>{ebcb8310-0dd4-4dfc-983a-b3e7530d99b6}</UniqueIdentifier>
    </Filter>
    <Filter Include="Archivos de encabezado\Modelo\Extras">
      <UniqueIdentifier>{e93aa89c-4543-4ce7-ae99-90ac43ffce1e}</UniqueIdentifier>
    </Filter>
    <Filter Include="Archivos de recursos\Modelo\Scenes">
      <UniqueIdentifier>{9f2b083d-0f58-4e6b-835b-7592098f338b}</UniqueIdentifier>
    </Filter>
    <Filter Include="Archivos de encabezado\Modelo\MapElements">
      <UniqueIdentifier>{8d942783-7057-4cb2-a2f3-e14f56ab573d}</UniqueIdentifier>
    </Filter>
    <Filter Include="Archivos de recursos\Modelo\MapElements">
      <UniqueIdentifier>{9773e5e2-f1b0-48cd-90f4-83336b1dbc0c}</UniqueIdentifier>
    </Filter>
  </ItemGroup>
  <ItemGroup>
    <ClInclude Include="Renderer.h">
      <Filter>Archivos de encabezado\Vista</Filter>
    </ClInclude>
    <ClInclude Include="Game.h">
      <Filter>Archivos de encabezado\Controlador</Filter>
    </ClInclude>
    <ClInclude Include="InputManager.h">
      <Filter>Archivos de encabezado\Controlador</Filter>
    </ClInclude>
    <ClInclude Include="Scene.h">
      <Filter>Archivos de encabezado\Modelo\Scenes</Filter>
    </ClInclude>
    <ClInclude Include="SceneMenu.h">
      <Filter>Archivos de encabezado\Modelo\Scenes</Filter>
    </ClInclude>
    <ClInclude Include="SceneRanking.h">
      <Filter>Archivos de encabezado\Modelo\Scenes</Filter>
    </ClInclude>
    <ClInclude Include="ScenePlay.h">
      <Filter>Archivos de encabezado\Modelo\Scenes</Filter>
    </ClInclude>
    <ClInclude Include="ScenePlay2.h">
      <Filter>Archivos de encabezado\Modelo\Scenes</Filter>
    </ClInclude>
    <ClInclude Include="ReadXML.h">
      <Filter>Archivos de encabezado\Modelo\Scenes</Filter>
    </ClInclude>
    <ClInclude Include="Types.h">
      <Filter>Archivos de encabezado\Modelo\Extras</Filter>
    </ClInclude>
    <ClInclude Include="Constants.h">
      <Filter>Archivos de encabezado\Modelo\Extras</Filter>
    </ClInclude>
    <ClInclude Include="Player.h">
      <Filter>Archivos de encabezado\Modelo\MapElements</Filter>
    </ClInclude>
    <ClInclude Include="Map.h">
      <Filter>Archivos de encabezado\Modelo\MapElements</Filter>
    </ClInclude>
    <ClInclude Include="HUD.h">
      <Filter>Archivos de encabezado\Modelo\MapElements</Filter>
    </ClInclude>
  </ItemGroup>
  <ItemGroup>
    <ClCompile Include="Renderer.cpp">
      <Filter>Archivos de recursos\Vista</Filter>
    </ClCompile>
    <ClCompile Include="main.cpp">
      <Filter>Archivos de recursos</Filter>
    </ClCompile>
    <ClCompile Include="InputManager.cpp">
      <Filter>Archivos de recursos\Controlador</Filter>
    </ClCompile>
    <ClCompile Include="Game.cpp">
      <Filter>Archivos de recursos\Controlador</Filter>
    </ClCompile>
    <ClCompile Include="Scene.cpp">
      <Filter>Archivos de recursos\Modelo\Scenes</Filter>
    </ClCompile>
    <ClCompile Include="SceneMenu.cpp">
      <Filter>Archivos de recursos\Modelo\Scenes</Filter>
    </ClCompile>
    <ClCompile Include="ScenePlay.cpp">
      <Filter>Archivos de recursos\Modelo\Scenes</Filter>
    </ClCompile>
    <ClCompile Include="SceneRanking.cpp">
      <Filter>Archivos de recursos\Modelo\Scenes</Filter>
    </ClCompile>
    <ClCompile Include="ScenePlay2.cpp">
      <Filter>Archivos de recursos\Modelo\Scenes</Filter>
    </ClCompile>
    <ClCompile Include="Player.cpp">
      <Filter>Archivos de recursos\Modelo\MapElements</Filter>
    </ClCompile>
    <ClCompile Include="Map.cpp">
      <Filter>Archivos de recursos\Modelo\MapElements</Filter>
    </ClCompile>
    <ClCompile Include="HUD.cpp">
      <Filter>Archivos de recursos\Modelo\MapElements</Filter>
    </ClCompile>
  </ItemGroup>
</Project>